github.com/chewxy/hm v1.0.0 h1:zy/TSv3LV2nD3dwUEQL2VhXeoXbb9QkpmdRAVUFiA6k=
github.com/chewxy/hm v1.0.0/go.mod h1:qg9YI4q6Fkj/whwHR1D+bOGeF7SniIP40VweVepLjg0=
github.com/chewxy/math32 v1.0.0 h1:RTt2SACA7BTzvbsAKVQJLZpV6zY2MZw4bW9L2HEKkHg=
github.com/chewxy/math32 v1.0.0/go.mod h1:Miac6hA1ohdDUTagnvJy/q+aNnEk16qWUdb8ZVhvCN0=
github.com/davecgh/go-spew v1.1.0 h1:ZDRjVQ15GmhC3fiQ8ni8+OwkZQO4DARzQgrnXU1Liz8=
github.com/davecgh/go-spew v1.1.0/go.mod h1:J7Y8YcW2NihsgmVo/mv3lAwl/skON4iLHjSsI+c5H38=
github.com/gomodule/redigo v2.0.0+incompatible h1:K/R+8tc58AaqLkqG2Ol3Qk+DR/TlNuhuh457pBFPtt0=
github.com/gomodule/redigo v2.0.0+incompatible/go.mod h1:B4C85qUVwatsJoIUNIfCRsp7qO0iAmpGFZ4EELWSbC4=
github.com/pkg/errors v0.8.1 h1:iURUrRGxPUNPdy5/HRSm+Yj6okJ6UtLINN0Q9M4+h3I=
github.com/pkg/errors v0.8.1/go.mod h1:bwawxfHBFNV+L2hUp1rHADufV3IMtnDRdf1r5NINEl0=
github.com/pmezard/go-difflib v1.0.0 h1:4DBwDE0NGyQoBHbLQYPwSUPoCMWR5BEzIk/f1lZbAQM=
github.com/pmezard/go-difflib v1.0.0/go.mod h1:iKH77koFhYxTK1pcRnkKkqfTogsbg7gZNVY4sRDYZ/4=
github.com/stretchr/objx v0.1.0/go.mod h1:HFkY916IF+rwdDfMAkV7OtwuqBVzrE8GR6GFx+wExME=
github.com/stretchr/testify v1.3.0 h1:TivCn/peBQ7UY8ooIcPgZFpTNSz0Q2U6UrFlUfqbe0Q=
github.com/stretchr/testify v1.3.0/go.mod h1:M5WIy9Dh21IEIfnGCwXGc5bZfKNJtfHm1UVUgZn+9EI=
github.com/xtgo/set v1.0.0 h1:6BCNBRv3ORNDQ7fyoJXRv+tstJz3m1JVFQErfeZz2pY=
github.com/xtgo/set v1.0.0/go.mod h1:d3NHzGzSa0NmB2NhFyECA+QdRp29oEn2xbT+TpeFoM8=
gocv.io/x/gocv v0.20.0 h1:2q75zQ8Zel2tB69G6qrmf/E7EdvaCs90qvkHzdSBOAg=
gocv.io/x/gocv v0.20.0/go.mod h1:vZETJRwLnl11muQ6iL3q4ju+0oJRrdmYdv5xJTH7WYA=
golang.org/x/exp v0.0.0-20190125153040-c74c464bbbf2/go.mod h1:CJ0aWSM057203Lf6IL+f9T1iT9GByDxfZKAQTCR3kQA=
golang.org/x/tools v0.0.0-20190206041539-40960b6deb8e/go.mod h1:n7NCudcB/nEzxVGmLbDWY5pfWTLqBcC2KZ6jyYvM4mQ=
gonum.org/v1/gonum v0.0.0-20190520094443-a5f8f3a4840b h1:6TIR0pAaLZhSQXUKh+yxFO4qaPuWt+ZlC8cEVzeME5I=
gonum.org/v1/gonum v0.0.0-20190520094443-a5f8f3a4840b/go.mod h1:zXcK6UmEkbNk22MqyPrZPx3T6fsE/O56XzkDfeYUF+Y=
gonum.org/v1/netlib v0.0.0-20190313105609-8cb42192e0e0/go.mod h1:wa6Ws7BG/ESfp6dHfk7C6KdzKA7wR7u/rKwOGE66zvw=
gorgonia.org/tensor v0.8.1 h1:PTJ81ku5uYs/qsZLMFq02q0DWI4YuJeu0ikieFkkh1o=
gorgonia.org/tensor v0.8.1/go.mod h1:05Y4laKuVlj4qFoZIZW1q/9n1jZkgDBOLmKXZdBLG1w=
gorgonia.org/vecf32 v0.7.0 h1:mkpVzSyT7/Cput5/ZxaMzzp2xbmOtqOyJlTf7AdSMe0=
gorgonia.org/vecf32 v0.7.0/go.mod h1:iHG+kvTMqGYA0SgahfO2k62WRnxmHsqAREGbayRDzy8=
gorgonia.org/vecf64 v0.7.0 h1:ZphOGJfnWlFfY7x8WAJAfO64IAtYqPPq9TEGem+ItZE=
gorgonia.org/vecf64 v0.7.0/go.mod h1:1y4pmcSd+wh3phG+InwWQjYrqwyrtN9h27WLFVQfV1Q=
